
Microsoft Visual Studio Solution File, Format Version 12.00
# Visual Studio Version 17
VisualStudioVersion = 17.14.36408.4 d17.14
MinimumVisualStudioVersion = 10.0.40219.1
Project("{FAE04EC0-301F-11D3-BF4B-00C04F79EFBC}") = "Project_screenshot_ai", "Project_screenshot_ai.csproj", "{78656E4F-28F0-4980-8E8A-A39C22CBDB0D}"
EndProject
Global
	GlobalSection(SolutionConfigurationPlatforms) = preSolution
		Debug|Any CPU = Debug|Any CPU
		Release|Any CPU = Release|Any CPU
	EndGlobalSection
	GlobalSection(ProjectConfigurationPlatforms) = postSolution
		{78656E4F-28F0-4980-8E8A-A39C22CBDB0D}.Debug|Any CPU.ActiveCfg = Debug|Any CPU
		{78656E4F-28F0-4980-8E8A-A39C22CBDB0D}.Debug|Any CPU.Build.0 = Debug|Any CPU
		{78656E4F-28F0-4980-8E8A-A39C22CBDB0D}.Release|Any CPU.ActiveCfg = Release|Any CPU
		{78656E4F-28F0-4980-8E8A-A39C22CBDB0D}.Release|Any CPU.Build.0 = Release|Any CPU
	EndGlobalSection
	GlobalSection(SolutionProperties) = preSolution
		HideSolutionNode = FALSE
	EndGlobalSection
	GlobalSection(ExtensibilityGlobals) = postSolution
		SolutionGuid = {328926EB-AC0B-4E52-8526-8AABD5089BAA}
	EndGlobalSection
EndGlobal
